// !$*UTF8*$!
{
	archiveVersion = 1;
	classes = {
	};
	objectVersion = 56;
	objects = {

/* Begin PBXBuildFile section */
		27E1A29F2BF9E3900007BD11 /* foodiApp.swift in Sources */ = {isa = PBXBuildFile; fileRef = 27E1A29E2BF9E3900007BD11 /* foodiApp.swift */; };
		27E1A2A12BF9E3900007BD11 /* ContentView.swift in Sources */ = {isa = PBXBuildFile; fileRef = 27E1A2A02BF9E3900007BD11 /* ContentView.swift */; };
		27E1A2A32BF9E3900007BD11 /* Item.swift in Sources */ = {isa = PBXBuildFile; fileRef = 27E1A2A22BF9E3900007BD11 /* Item.swift */; };
		27E1A2A52BF9E3910007BD11 /* Assets.xcassets in Resources */ = {isa = PBXBuildFile; fileRef = 27E1A2A42BF9E3910007BD11 /* Assets.xcassets */; };
		27E1A2A82BF9E3910007BD11 /* Preview Assets.xcassets in Resources */ = {isa = PBXBuildFile; fileRef = 27E1A2A72BF9E3910007BD11 /* Preview Assets.xcassets */; };
		27E1A2B22BF9E3910007BD11 /* foodiTests.swift in Sources */ = {isa = PBXBuildFile; fileRef = 27E1A2B12BF9E3910007BD11 /* foodiTests.swift */; };
		27E1A2BC2BF9E3910007BD11 /* foodiUITests.swift in Sources */ = {isa = PBXBuildFile; fileRef = 27E1A2BB2BF9E3910007BD11 /* foodiUITests.swift */; };
		27E1A2BE2BF9E3910007BD11 /* foodiUITestsLaunchTests.swift in Sources */ = {isa = PBXBuildFile; fileRef = 27E1A2BD2BF9E3910007BD11 /* foodiUITestsLaunchTests.swift */; };
/* End PBXBuildFile section */

/* Begin PBXContainerItemProxy section */
		27E1A2AE2BF9E3910007BD11 /* PBXContainerItemProxy */ = {
			isa = PBXContainerItemProxy;
			containerPortal = 27E1A2932BF9E3900007BD11 /* Project object */;
			proxyType = 1;
			remoteGlobalIDString = 27E1A29A2BF9E3900007BD11;
			remoteInfo = foodi;
		};
		27E1A2B82BF9E3910007BD11 /* PBXContainerItemProxy */ = {
			isa = PBXContainerItemProxy;
			containerPortal = 27E1A2932BF9E3900007BD11 /* Project object */;
			proxyType = 1;
			remoteGlobalIDString = 27E1A29A2BF9E3900007BD11;
			remoteInfo = foodi;
		};
/* End PBXContainerItemProxy section */

/* Begin PBXFileReference section */
		27E1A29B2BF9E3900007BD11 /* foodi.app */ = {isa = PBXFileReference; explicitFileType = wrapper.application; includeInIndex = 0; path = foodi.app; sourceTree = BUILT_PRODUCTS_DIR; };
		27E1A29E2BF9E3900007BD11 /* foodiApp.swift */ = {isa = PBXFileReference; lastKnownFileType = sourcecode.swift; path = foodiApp.swift; sourceTree = "<group>"; };
		27E1A2A02BF9E3900007BD11 /* ContentView.swift */ = {isa = PBXFileReference; lastKnownFileType = sourcecode.swift; path = ContentView.swift; sourceTree = "<group>"; };
		27E1A2A22BF9E3900007BD11 /* Item.swift */ = {isa = PBXFileReference; lastKnownFileType = sourcecode.swift; path = Item.swift; sourceTree = "<group>"; };
		27E1A2A42BF9E3910007BD11 /* Assets.xcassets */ = {isa = PBXFileReference; lastKnownFileType = folder.assetcatalog; path = Assets.xcassets; sourceTree = "<group>"; };
		27E1A2A72BF9E3910007BD11 /* Preview Assets.xcassets */ = {isa = PBXFileReference; lastKnownFileType = folder.assetcatalog; path = "Preview Assets.xcassets"; sourceTree = "<group>"; };
		27E1A2AD2BF9E3910007BD11 /* foodiTests.xctest */ = {isa = PBXFileReference; explicitFileType = wrapper.cfbundle; includeInIndex = 0; path = foodiTests.xctest; sourceTree = BUILT_PRODUCTS_DIR; };
		27E1A2B12BF9E3910007BD11 /* foodiTests.swift */ = {isa = PBXFileReference; lastKnownFileType = sourcecode.swift; path = foodiTests.swift; sourceTree = "<group>"; };
		27E1A2B72BF9E3910007BD11 /* foodiUITests.xctest */ = {isa = PBXFileReference; explicitFileType = wrapper.cfbundle; includeInIndex = 0; path = foodiUITests.xctest; sourceTree = BUILT_PRODUCTS_DIR; };
		27E1A2BB2BF9E3910007BD11 /* foodiUITests.swift */ = {isa = PBXFileReference; lastKnownFileType = sourcecode.swift; path = foodiUITests.swift; sourceTree = "<group>"; };
		27E1A2BD2BF9E3910007BD11 /* foodiUITestsLaunchTests.swift */ = {isa = PBXFileReference; lastKnownFileType = sourcecode.swift; path = foodiUITestsLaunchTests.swift; sourceTree = "<group>"; };
/* End PBXFileReference section */

/* Begin PBXFrameworksBuildPhase section */
		27E1A2982BF9E3900007BD11 /* Frameworks */ = {
			isa = PBXFrameworksBuildPhase;
			buildActionMask = 2147483647;
			files = (
			);
			runOnlyForDeploymentPostprocessing = 0;
		};
		27E1A2AA2BF9E3910007BD11 /* Frameworks */ = {
			isa = PBXFrameworksBuildPhase;
			buildActionMask = 2147483647;
			files = (
			);
			runOnlyForDeploymentPostprocessing = 0;
		};
		27E1A2B42BF9E3910007BD11 /* Frameworks */ = {
			isa = PBXFrameworksBuildPhase;
			buildActionMask = 2147483647;
			files = (
			);
			runOnlyForDeploymentPostprocessing = 0;
		};
/* End PBXFrameworksBuildPhase section */

/* Begin PBXGroup section */
		27E1A2922BF9E3900007BD11 = {
			isa = PBXGroup;
			children = (
				27E1A29D2BF9E3900007BD11 /* foodi */,
				27E1A2B02BF9E3910007BD11 /* foodiTests */,
				27E1A2BA2BF9E3910007BD11 /* foodiUITests */,
				27E1A29C2BF9E3900007BD11 /* Products */,
			);
			sourceTree = "<group>";
		};
		27E1A29C2BF9E3900007BD11 /* Products */ = {
			isa = PBXGroup;
			children = (
				27E1A29B2BF9E3900007BD11 /* foodi.app */,
				27E1A2AD2BF9E3910007BD11 /* foodiTests.xctest */,
				27E1A2B72BF9E3910007BD11 /* foodiUITests.xctest */,
			);
			name = Products;
			sourceTree = "<group>";
		};
		27E1A29D2BF9E3900007BD11 /* foodi */ = {
			isa = PBXGroup;
			children = (
				27E1A29E2BF9E3900007BD11 /* foodiApp.swift */,
				27E1A2A02BF9E3900007BD11 /* ContentView.swift */,
				27E1A2A22BF9E3900007BD11 /* Item.swift */,
				27E1A2A42BF9E3910007BD11 /* Assets.xcassets */,
				27E1A2A62BF9E3910007BD11 /* Preview Content */,
			);
			path = foodi;
			sourceTree = "<group>";
		};
		27E1A2A62BF9E3910007BD11 /* Preview Content */ = {
			isa = PBXGroup;
			children = (
				27E1A2A72BF9E3910007BD11 /* Preview Assets.xcassets */,
			);
			path = "Preview Content";
			sourceTree = "<group>";
		};
		27E1A2B02BF9E3910007BD11 /* foodiTests */ = {
			isa = PBXGroup;
			children = (
				27E1A2B12BF9E3910007BD11 /* foodiTests.swift */,
			);
			path = foodiTests;
			sourceTree = "<group>";
		};
		27E1A2BA2BF9E3910007BD11 /* foodiUITests */ = {
			isa = PBXGroup;
			children = (
				27E1A2BB2BF9E3910007BD11 /* foodiUITests.swift */,
				27E1A2BD2BF9E3910007BD11 /* foodiUITestsLaunchTests.swift */,
			);
			path = foodiUITests;
			sourceTree = "<group>";
		};
/* End PBXGroup section */

/* Begin PBXNativeTarget section */
		27E1A29A2BF9E3900007BD11 /* foodi */ = {
			isa = PBXNativeTarget;
			buildConfigurationList = 27E1A2C12BF9E3910007BD11 /* Build configuration list for PBXNativeTarget "foodi" */;
			buildPhases = (
				27E1A2972BF9E3900007BD11 /* Sources */,
				27E1A2982BF9E3900007BD11 /* Frameworks */,
				27E1A2992BF9E3900007BD11 /* Resources */,
			);
			buildRules = (
			);
			dependencies = (
			);
			name = foodi;
			productName = foodi;
			productReference = 27E1A29B2BF9E3900007BD11 /* foodi.app */;
			productType = "com.apple.product-type.application";
		};
		27E1A2AC2BF9E3910007BD11 /* foodiTests */ = {
			isa = PBXNativeTarget;
			buildConfigurationList = 27E1A2C42BF9E3910007BD11 /* Build configuration list for PBXNativeTarget "foodiTests" */;
			buildPhases = (
				27E1A2A92BF9E3910007BD11 /* Sources */,
				27E1A2AA2BF9E3910007BD11 /* Frameworks */,
				27E1A2AB2BF9E3910007BD11 /* Resources */,
			);
			buildRules = (
			);
			dependencies = (
				27E1A2AF2BF9E3910007BD11 /* PBXTargetDependency */,
			);
			name = foodiTests;
			productName = foodiTests;
			productReference = 27E1A2AD2BF9E3910007BD11 /* foodiTests.xctest */;
			productType = "com.apple.product-type.bundle.unit-test";
		};
		27E1A2B62BF9E3910007BD11 /* foodiUITests */ = {
			isa = PBXNativeTarget;
			buildConfigurationList = 27E1A2C72BF9E3910007BD11 /* Build configuration list for PBXNativeTarget "foodiUITests" */;
			buildPhases = (
				27E1A2B32BF9E3910007BD11 /* Sources */,
				27E1A2B42BF9E3910007BD11 /* Frameworks */,
				27E1A2B52BF9E3910007BD11 /* Resources */,
			);
			buildRules = (
			);
			dependencies = (
				27E1A2B92BF9E3910007BD11 /* PBXTargetDependency */,
			);
			name = foodiUITests;
			productName = foodiUITests;
			productReference = 27E1A2B72BF9E3910007BD11 /* foodiUITests.xctest */;
			productType = "com.apple.product-type.bundle.ui-testing";
		};
/* End PBXNativeTarget section */

/* Begin PBXProject section */
		27E1A2932BF9E3900007BD11 /* Project object */ = {
			isa = PBXProject;
			attributes = {
				BuildIndependentTargetsInParallel = 1;
				LastSwiftUpdateCheck = 1530;
				LastUpgradeCheck = 1530;
				TargetAttributes = {
					27E1A29A2BF9E3900007BD11 = {
						CreatedOnToolsVersion = 15.3;
					};
					27E1A2AC2BF9E3910007BD11 = {
						CreatedOnToolsVersion = 15.3;
						TestTargetID = 27E1A29A2BF9E3900007BD11;
					};
					27E1A2B62BF9E3910007BD11 = {
						CreatedOnToolsVersion = 15.3;
						TestTargetID = 27E1A29A2BF9E3900007BD11;
					};
				};
			};
			buildConfigurationList = 27E1A2962BF9E3900007BD11 /* Build configuration list for PBXProject "foodi" */;
			compatibilityVersion = "Xcode 14.0";
			developmentRegion = en;
			hasScannedForEncodings = 0;
			knownRegions = (
				en,
				Base,
			);
			mainGroup = 27E1A2922BF9E3900007BD11;
			productRefGroup = 27E1A29C2BF9E3900007BD11 /* Products */;
			projectDirPath = "";
			projectRoot = "";
			targets = (
				27E1A29A2BF9E3900007BD11 /* foodi */,
				27E1A2AC2BF9E3910007BD11 /* foodiTests */,
				27E1A2B62BF9E3910007BD11 /* foodiUITests */,
			);
		};
/* End PBXProject section */

/* Begin PBXResourcesBuildPhase section */
		27E1A2992BF9E3900007BD11 /* Resources */ = {
			isa = PBXResourcesBuildPhase;
			buildActionMask = 2147483647;
			files = (
				27E1A2A82BF9E3910007BD11 /* Preview Assets.xcassets in Resources */,
				27E1A2A52BF9E3910007BD11 /* Assets.xcassets in Resources */,
			);
			runOnlyForDeploymentPostprocessing = 0;
		};
		27E1A2AB2BF9E3910007BD11 /* Resources */ = {
			isa = PBXResourcesBuildPhase;
			buildActionMask = 2147483647;
			files = (
			);
			runOnlyForDeploymentPostprocessing = 0;
		};
		27E1A2B52BF9E3910007BD11 /* Resources */ = {
			isa = PBXResourcesBuildPhase;
			buildActionMask = 2147483647;
			files = (
			);
			runOnlyForDeploymentPostprocessing = 0;
		};
/* End PBXResourcesBuildPhase section */

/* Begin PBXSourcesBuildPhase section */
		27E1A2972BF9E3900007BD11 /* Sources */ = {
			isa = PBXSourcesBuildPhase;
			buildActionMask = 2147483647;
			files = (
				27E1A2A12BF9E3900007BD11 /* ContentView.swift in Sources */,
				27E1A2A32BF9E3900007BD11 /* Item.swift in Sources */,
				27E1A29F2BF9E3900007BD11 /* foodiApp.swift in Sources */,
			);
			runOnlyForDeploymentPostprocessing = 0;
		};
		27E1A2A92BF9E3910007BD11 /* Sources */ = {
			isa = PBXSourcesBuildPhase;
			buildActionMask = 2147483647;
			files = (
				27E1A2B22BF9E3910007BD11 /* foodiTests.swift in Sources */,
			);
			runOnlyForDeploymentPostprocessing = 0;
		};
		27E1A2B32BF9E3910007BD11 /* Sources */ = {
			isa = PBXSourcesBuildPhase;
			buildActionMask = 2147483647;
			files = (
				27E1A2BE2BF9E3910007BD11 /* foodiUITestsLaunchTests.swift in Sources */,
				27E1A2BC2BF9E3910007BD11 /* foodiUITests.swift in Sources */,
			);
			runOnlyForDeploymentPostprocessing = 0;
		};
/* End PBXSourcesBuildPhase section */

/* Begin PBXTargetDependency section */
		27E1A2AF2BF9E3910007BD11 /* PBXTargetDependency */ = {
			isa = PBXTargetDependency;
			target = 27E1A29A2BF9E3900007BD11 /* foodi */;
			targetProxy = 27E1A2AE2BF9E3910007BD11 /* PBXContainerItemProxy */;
		};
		27E1A2B92BF9E3910007BD11 /* PBXTargetDependency */ = {
			isa = PBXTargetDependency;
			target = 27E1A29A2BF9E3900007BD11 /* foodi */;
			targetProxy = 27E1A2B82BF9E3910007BD11 /* PBXContainerItemProxy */;
		};
/* End PBXTargetDependency section */

/* Begin XCBuildConfiguration section */
		27E1A2BF2BF9E3910007BD11 /* Debug */ = {
			isa = XCBuildConfiguration;
			buildSettings = {
				ALWAYS_SEARCH_USER_PATHS = NO;
				ASSETCATALOG_COMPILER_GENERATE_SWIFT_ASSET_SYMBOL_EXTENSIONS = YES;
				CLANG_ANALYZER_NONNULL = YES;
				CLANG_ANALYZER_NUMBER_OBJECT_CONVERSION = YES_AGGRESSIVE;
				CLANG_CXX_LANGUAGE_STANDARD = "gnu++20";
				CLANG_ENABLE_MODULES = YES;
				CLANG_ENABLE_OBJC_ARC = YES;
				CLANG_ENABLE_OBJC_WEAK = YES;
				CLANG_WARN_BLOCK_CAPTURE_AUTORELEASING = YES;
				CLANG_WARN_BOOL_CONVERSION = YES;
				CLANG_WARN_COMMA = YES;
				CLANG_WARN_CONSTANT_CONVERSION = YES;
				CLANG_WARN_DEPRECATED_OBJC_IMPLEMENTATIONS = YES;
				CLANG_WARN_DIRECT_OBJC_ISA_USAGE = YES_ERROR;
				CLANG_WARN_DOCUMENTATION_COMMENTS = YES;
				CLANG_WARN_EMPTY_BODY = YES;
				CLANG_WARN_ENUM_CONVERSION = YES;
				CLANG_WARN_INFINITE_RECURSION = YES;
				CLANG_WARN_INT_CONVERSION = YES;
				CLANG_WARN_NON_LITERAL_NULL_CONVERSION = YES;
				CLANG_WARN_OBJC_IMPLICIT_RETAIN_SELF = YES;
				CLANG_WARN_OBJC_LITERAL_CONVERSION = YES;
				CLANG_WARN_OBJC_ROOT_CLASS = YES_ERROR;
				CLANG_WARN_QUOTED_INCLUDE_IN_FRAMEWORK_HEADER = YES;
				CLANG_WARN_RANGE_LOOP_ANALYSIS = YES;
				CLANG_WARN_STRICT_PROTOTYPES = YES;
				CLANG_WARN_SUSPICIOUS_MOVE = YES;
				CLANG_WARN_UNGUARDED_AVAILABILITY = YES_AGGRESSIVE;
				CLANG_WARN_UNREACHABLE_CODE = YES;
				CLANG_WARN__DUPLICATE_METHOD_MATCH = YES;
				COPY_PHASE_STRIP = NO;
				DEBUG_INFORMATION_FORMAT = dwarf;
				ENABLE_STRICT_OBJC_MSGSEND = YES;
				ENABLE_TESTABILITY = YES;
				ENABLE_USER_SCRIPT_SANDBOXING = YES;
				GCC_C_LANGUAGE_STANDARD = gnu17;
				GCC_DYNAMIC_NO_PIC = NO;
				GCC_NO_COMMON_BLOCKS = YES;
				GCC_OPTIMIZATION_LEVEL = 0;
				GCC_PREPROCESSOR_DEFINITIONS = (
					"DEBUG=1",
					"$(inherited)",
				);
				GCC_WARN_64_TO_32_BIT_CONVERSION = YES;
				GCC_WARN_ABOUT_RETURN_TYPE = YES_ERROR;
				GCC_WARN_UNDECLARED_SELECTOR = YES;
				GCC_WARN_UNINITIALIZED_AUTOS = YES_AGGRESSIVE;
				GCC_WARN_UNUSED_FUNCTION = YES;
				GCC_WARN_UNUSED_VARIABLE = YES;
				IPHONEOS_DEPLOYMENT_TARGET = 17.4;
				LOCALIZATION_PREFERS_STRING_CATALOGS = YES;
				MTL_ENABLE_DEBUG_INFO = INCLUDE_SOURCE;
				MTL_FAST_MATH = YES;
				ONLY_ACTIVE_ARCH = YES;
				SDKROOT = iphoneos;
				SWIFT_ACTIVE_COMPILATION_CONDITIONS = "DEBUG $(inherited)";
				SWIFT_OPTIMIZATION_LEVEL = "-Onone";
			};
			name = Debug;
		};
		27E1A2C02BF9E3910007BD11 /* Release */ = {
			isa = XCBuildConfiguration;
			buildSettings = {
				ALWAYS_SEARCH_USER_PATHS = NO;
				ASSETCATALOG_COMPILER_GENERATE_SWIFT_ASSET_SYMBOL_EXTENSIONS = YES;
				CLANG_ANALYZER_NONNULL = YES;
				CLANG_ANALYZER_NUMBER_OBJECT_CONVERSION = YES_AGGRESSIVE;
				CLANG_CXX_LANGUAGE_STANDARD = "gnu++20";
				CLANG_ENABLE_MODULES = YES;
				CLANG_ENABLE_OBJC_ARC = YES;
				CLANG_ENABLE_OBJC_WEAK = YES;
				CLANG_WARN_BLOCK_CAPTURE_AUTORELEASING = YES;
				CLANG_WARN_BOOL_CONVERSION = YES;
				CLANG_WARN_COMMA = YES;
				CLANG_WARN_CONSTANT_CONVERSION = YES;
				CLANG_WARN_DEPRECATED_OBJC_IMPLEMENTATIONS = YES;
				CLANG_WARN_DIRECT_OBJC_ISA_USAGE = YES_ERROR;
				CLANG_WARN_DOCUMENTATION_COMMENTS = YES;
				CLANG_WARN_EMPTY_BODY = YES;
				CLANG_WARN_ENUM_CONVERSION = YES;
				CLANG_WARN_INFINITE_RECURSION = YES;
				CLANG_WARN_INT_CONVERSION = YES;
				CLANG_WARN_NON_LITERAL_NULL_CONVERSION = YES;
				CLANG_WARN_OBJC_IMPLICIT_RETAIN_SELF = YES;
				CLANG_WARN_OBJC_LITERAL_CONVERSION = YES;
				CLANG_WARN_OBJC_ROOT_CLASS = YES_ERROR;
				CLANG_WARN_QUOTED_INCLUDE_IN_FRAMEWORK_HEADER = YES;
				CLANG_WARN_RANGE_LOOP_ANALYSIS = YES;
				CLANG_WARN_STRICT_PROTOTYPES = YES;
				CLANG_WARN_SUSPICIOUS_MOVE = YES;
				CLANG_WARN_UNGUARDED_AVAILABILITY = YES_AGGRESSIVE;
				CLANG_WARN_UNREACHABLE_CODE = YES;
				CLANG_WARN__DUPLICATE_METHOD_MATCH = YES;
				COPY_PHASE_STRIP = NO;
				DEBUG_INFORMATION_FORMAT = "dwarf-with-dsym";
				ENABLE_NS_ASSERTIONS = NO;
				ENABLE_STRICT_OBJC_MSGSEND = YES;
				ENABLE_USER_SCRIPT_SANDBOXING = YES;
				GCC_C_LANGUAGE_STANDARD = gnu17;
				GCC_NO_COMMON_BLOCKS = YES;
				GCC_WARN_64_TO_32_BIT_CONVERSION = YES;
				GCC_WARN_ABOUT_RETURN_TYPE = YES_ERROR;
				GCC_WARN_UNDECLARED_SELECTOR = YES;
				GCC_WARN_UNINITIALIZED_AUTOS = YES_AGGRESSIVE;
				GCC_WARN_UNUSED_FUNCTION = YES;
				GCC_WARN_UNUSED_VARIABLE = YES;
				IPHONEOS_DEPLOYMENT_TARGET = 17.4;
				LOCALIZATION_PREFERS_STRING_CATALOGS = YES;
				MTL_ENABLE_DEBUG_INFO = NO;
				MTL_FAST_MATH = YES;
				SDKROOT = iphoneos;
				SWIFT_COMPILATION_MODE = wholemodule;
				VALIDATE_PRODUCT = YES;
			};
			name = Release;
		};
		27E1A2C22BF9E3910007BD11 /* Debug */ = {
			isa = XCBuildConfiguration;
			buildSettings = {
				ASSETCATALOG_COMPILER_APPICON_NAME = AppIcon;
				ASSETCATALOG_COMPILER_GLOBAL_ACCENT_COLOR_NAME = AccentColor;
				CODE_SIGN_STYLE = Automatic;
				CURRENT_PROJECT_VERSION = 1;
				DEVELOPMENT_ASSET_PATHS = "\"foodi/Preview Content\"";
				DEVELOPMENT_TEAM = ZZ876QSDY2;
				ENABLE_PREVIEWS = YES;
				GENERATE_INFOPLIST_FILE = YES;
				INFOPLIST_KEY_UIApplicationSceneManifest_Generation = YES;
				INFOPLIST_KEY_UIApplicationSupportsIndirectInputEvents = YES;
				INFOPLIST_KEY_UILaunchScreen_Generation = YES;
				INFOPLIST_KEY_UISupportedInterfaceOrientations_iPad = "UIInterfaceOrientationPortrait UIInterfaceOrientationPortraitUpsideDown UIInterfaceOrientationLandscapeLeft UIInterfaceOrientationLandscapeRight";
				INFOPLIST_KEY_UISupportedInterfaceOrientations_iPhone = "UIInterfaceOrientationPortrait UIInterfaceOrientationLandscapeLeft UIInterfaceOrientationLandscapeRight";
				LD_RUNPATH_SEARCH_PATHS = (
					"$(inherited)",
					"@executable_path/Frameworks",
				);
				MARKETING_VERSION = 1.0;
				PRODUCT_BUNDLE_IDENTIFIER = com.bk.ordermyfood.foodi;
				PRODUCT_NAME = "$(TARGET_NAME)";
				SWIFT_EMIT_LOC_STRINGS = YES;
				SWIFT_VERSION = 5.0;
				TARGETED_DEVICE_FAMILY = "1,2";
			};
			name = Debug;
		};
		27E1A2C32BF9E3910007BD11 /* Release */ = {
			isa = XCBuildConfiguration;
			buildSettings = {
				ASSETCATALOG_COMPILER_APPICON_NAME = AppIcon;
				ASSETCATALOG_COMPILER_GLOBAL_ACCENT_COLOR_NAME = AccentColor;
				CODE_SIGN_STYLE = Automatic;
				CURRENT_PROJECT_VERSION = 1;
				DEVELOPMENT_ASSET_PATHS = "\"foodi/Preview Content\"";
				DEVELOPMENT_TEAM = ZZ876QSDY2;
				ENABLE_PREVIEWS = YES;
				GENERATE_INFOPLIST_FILE = YES;
				INFOPLIST_KEY_UIApplicationSceneManifest_Generation = YES;
				INFOPLIST_KEY_UIApplicationSupportsIndirectInputEvents = YES;
				INFOPLIST_KEY_UILaunchScreen_Generation = YES;
				INFOPLIST_KEY_UISupportedInterfaceOrientations_iPad = "UIInterfaceOrientationPortrait UIInterfaceOrientationPortraitUpsideDown UIInterfaceOrientationLandscapeLeft UIInterfaceOrientationLandscapeRight";
				INFOPLIST_KEY_UISupportedInterfaceOrientations_iPhone = "UIInterfaceOrientationPortrait UIInterfaceOrientationLandscapeLeft UIInterfaceOrientationLandscapeRight";
				LD_RUNPATH_SEARCH_PATHS = (
					"$(inherited)",
					"@executable_path/Frameworks",
				);
				MARKETING_VERSION = 1.0;
				PRODUCT_BUNDLE_IDENTIFIER = com.bk.ordermyfood.foodi;
				PRODUCT_NAME = "$(TARGET_NAME)";
				SWIFT_EMIT_LOC_STRINGS = YES;
				SWIFT_VERSION = 5.0;
				TARGETED_DEVICE_FAMILY = "1,2";
			};
			name = Release;
		};
		27E1A2C52BF9E3910007BD11 /* Debug */ = {
			isa = XCBuildConfiguration;
			buildSettings = {
				ALWAYS_EMBED_SWIFT_STANDARD_LIBRARIES = YES;
				BUNDLE_LOADER = "$(TEST_HOST)";
				CODE_SIGN_STYLE = Automatic;
				CURRENT_PROJECT_VERSION = 1;
				DEVELOPMENT_TEAM = ZZ876QSDY2;
				GENERATE_INFOPLIST_FILE = YES;
				IPHONEOS_DEPLOYMENT_TARGET = 17.4;
				MARKETING_VERSION = 1.0;
				PRODUCT_BUNDLE_IDENTIFIER = com.bk.ordermyfood.foodiTests;
				PRODUCT_NAME = "$(TARGET_NAME)";
				SWIFT_EMIT_LOC_STRINGS = NO;
				SWIFT_VERSION = 5.0;
				TARGETED_DEVICE_FAMILY = "1,2";
				TEST_HOST = "$(BUILT_PRODUCTS_DIR)/foodi.app/$(BUNDLE_EXECUTABLE_FOLDER_PATH)/foodi";
			};
			name = Debug;
		};
		27E1A2C62BF9E3910007BD11 /* Release */ = {
			isa = XCBuildConfiguration;
			buildSettings = {
				ALWAYS_EMBED_SWIFT_STANDARD_LIBRARIES = YES;
				BUNDLE_LOADER = "$(TEST_HOST)";
				CODE_SIGN_STYLE = Automatic;
				CURRENT_PROJECT_VERSION = 1;
				DEVELOPMENT_TEAM = ZZ876QSDY2;
				GENERATE_INFOPLIST_FILE = YES;
				IPHONEOS_DEPLOYMENT_TARGET = 17.4;
				MARKETING_VERSION = 1.0;
				PRODUCT_BUNDLE_IDENTIFIER = com.bk.ordermyfood.foodiTests;
				PRODUCT_NAME = "$(TARGET_NAME)";
				SWIFT_EMIT_LOC_STRINGS = NO;
				SWIFT_VERSION = 5.0;
				TARGETED_DEVICE_FAMILY = "1,2";
				TEST_HOST = "$(BUILT_PRODUCTS_DIR)/foodi.app/$(BUNDLE_EXECUTABLE_FOLDER_PATH)/foodi";
			};
			name = Release;
		};
		27E1A2C82BF9E3910007BD11 /* Debug */ = {
			isa = XCBuildConfiguration;
			buildSettings = {
				ALWAYS_EMBED_SWIFT_STANDARD_LIBRARIES = YES;
				CODE_SIGN_STYLE = Automatic;
				CURRENT_PROJECT_VERSION = 1;
				DEVELOPMENT_TEAM = ZZ876QSDY2;
				GENERATE_INFOPLIST_FILE = YES;
				MARKETING_VERSION = 1.0;
				PRODUCT_BUNDLE_IDENTIFIER = com.bk.ordermyfood.foodiUITests;
				PRODUCT_NAME = "$(TARGET_NAME)";
				SWIFT_EMIT_LOC_STRINGS = NO;
				SWIFT_VERSION = 5.0;
				TARGETED_DEVICE_FAMILY = "1,2";
				TEST_TARGET_NAME = foodi;
			};
			name = Debug;
		};
		27E1A2C92BF9E3910007BD11 /* Release */ = {
			isa = XCBuildConfiguration;
			buildSettings = {
				ALWAYS_EMBED_SWIFT_STANDARD_LIBRARIES = YES;
				CODE_SIGN_STYLE = Automatic;
				CURRENT_PROJECT_VERSION = 1;
				DEVELOPMENT_TEAM = ZZ876QSDY2;
				GENERATE_INFOPLIST_FILE = YES;
				MARKETING_VERSION = 1.0;
				PRODUCT_BUNDLE_IDENTIFIER = com.bk.ordermyfood.foodiUITests;
				PRODUCT_NAME = "$(TARGET_NAME)";
				SWIFT_EMIT_LOC_STRINGS = NO;
				SWIFT_VERSION = 5.0;
				TARGETED_DEVICE_FAMILY = "1,2";
				TEST_TARGET_NAME = foodi;
			};
			name = Release;
		};
/* End XCBuildConfiguration section */

/* Begin XCConfigurationList section */
		27E1A2962BF9E3900007BD11 /* Build configuration list for PBXProject "foodi" */ = {
			isa = XCConfigurationList;
			buildConfigurations = (
				27E1A2BF2BF9E3910007BD11 /* Debug */,
				27E1A2C02BF9E3910007BD11 /* Release */,
			);
			defaultConfigurationIsVisible = 0;
			defaultConfigurationName = Release;
		};
		27E1A2C12BF9E3910007BD11 /* Build configuration list for PBXNativeTarget "foodi" */ = {
			isa = XCConfigurationList;
			buildConfigurations = (
				27E1A2C22BF9E3910007BD11 /* Debug */,
				27E1A2C32BF9E3910007BD11 /* Release */,
			);
			defaultConfigurationIsVisible = 0;
			defaultConfigurationName = Release;
		};
		27E1A2C42BF9E3910007BD11 /* Build configuration list for PBXNativeTarget "foodiTests" */ = {
			isa = XCConfigurationList;
			buildConfigurations = (
				27E1A2C52BF9E3910007BD11 /* Debug */,
				27E1A2C62BF9E3910007BD11 /* Release */,
			);
			defaultConfigurationIsVisible = 0;
			defaultConfigurationName = Release;
		};
		27E1A2C72BF9E3910007BD11 /* Build configuration list for PBXNativeTarget "foodiUITests" */ = {
			isa = XCConfigurationList;
			buildConfigurations = (
				27E1A2C82BF9E3910007BD11 /* Debug */,
				27E1A2C92BF9E3910007BD11 /* Release */,
			);
			defaultConfigurationIsVisible = 0;
			defaultConfigurationName = Release;
		};
/* End XCConfigurationList section */
	};
	rootObject = 27E1A2932BF9E3900007BD11 /* Project object */;
}
